
Microsoft Visual Studio Solution File, Format Version 12.00
# Visual Studio Version 16
VisualStudioVersion = 16.0.32630.194
MinimumVisualStudioVersion = 10.0.40219.1
Project("{8BC9CEB8-8B4A-11D0-8D11-00A0C91BC942}") = "myDLL", "myDLL\myDLL.vcxproj", "{6B5DDFE6-1878-41E9-916B-8BD00083ED81}"
EndProject
Global
	GlobalSection(SolutionConfigurationPlatforms) = preSolution
		Debug|x64 = Debug|x64
		Debug|x86 = Debug|x86
		Release|x64 = Release|x64
		Release|x86 = Release|x86
	EndGlobalSection
	GlobalSection(ProjectConfigurationPlatforms) = postSolution
		{6B5DDFE6-1878-41E9-916B-8BD00083ED81}.Debug|x64.ActiveCfg = Debug|x64
		{6B5DDFE6-1878-41E9-916B-8BD00083ED81}.Debug|x64.Build.0 = Debug|x64
		{6B5DDFE6-1878-41E9-916B-8BD00083ED81}.Debug|x86.ActiveCfg = Debug|Win32
		{6B5DDFE6-1878-41E9-916B-8BD00083ED81}.Debug|x86.Build.0 = Debug|Win32
		{6B5DDFE6-1878-41E9-916B-8BD00083ED81}.Release|x64.ActiveCfg = Release|x64
		{6B5DDFE6-1878-41E9-916B-8BD00083ED81}.Release|x64.Build.0 = Release|x64
		{6B5DDFE6-1878-41E9-916B-8BD00083ED81}.Release|x86.ActiveCfg = Release|Win32
		{6B5DDFE6-1878-41E9-916B-8BD00083ED81}.Release|x86.Build.0 = Release|Win32
	EndGlobalSection
	GlobalSection(SolutionProperties) = preSolution
		HideSolutionNode = FALSE
	EndGlobalSection
	GlobalSection(ExtensibilityGlobals) = postSolution
		SolutionGuid = {4D329826-DDB5-45AD-BA7E-392A8BDB32F1}
	EndGlobalSection
EndGlobal
